// !$*UTF8*$!
{
	archiveVersion = 1;
	classes = {
	};
	objectVersion = 77;
	objects = {

/* Begin PBXBuildFile section */
		033659396E33B8C8D0E3036C /* UsageSnapshot.swift in Sources */ = {isa = PBXBuildFile; fileRef = B08CE64554A1CD9C6BB632C1 /* UsageSnapshot.swift */; };
		0D06155FD05C529AAE807916 /* WidgetKit.framework in Frameworks */ = {isa = PBXBuildFile; fileRef = 23192A5F3BA94C6CB58EE9AE /* WidgetKit.framework */; };
		15305BD20CAA9E25C098BF49 /* UsageDistribution.swift in Sources */ = {isa = PBXBuildFile; fileRef = 648E8CF65087F37C78E7F49B /* UsageDistribution.swift */; };
		1BCDA792F359CF6C84979685 /* TokenProvider.swift in Sources */ = {isa = PBXBuildFile; fileRef = DB05137FA96DC41F6E9696B2 /* TokenProvider.swift */; };
		2D8ACACF2E9C3AC8FC9DF6A2 /* APIStatus.swift in Sources */ = {isa = PBXBuildFile; fileRef = D58CFECCA7B4B083F01D2DA4 /* APIStatus.swift */; };
		2E285A6EF1ED732029669D1F /* SharedStore.swift in Sources */ = {isa = PBXBuildFile; fileRef = 754A5E409DAC12F47247B5A1 /* SharedStore.swift */; };
		329F76B122B5497AD8D35CF4 /* TokenPlanUsageWidgetEntryView.swift in Sources */ = {isa = PBXBuildFile; fileRef = 3887ABC4F8B813CE1D2093BC /* TokenPlanUsageWidgetEntryView.swift */; };
		3861703F806CF95C870126E7 /* SharedStore.swift in Sources */ = {isa = PBXBuildFile; fileRef = 754A5E409DAC12F47247B5A1 /* SharedStore.swift */; };
		406B5FE071FB7FBD3D2C60AC /* UsageSnapshot.swift in Sources */ = {isa = PBXBuildFile; fileRef = B08CE64554A1CD9C6BB632C1 /* UsageSnapshot.swift */; };
		573EC7D6E33C2BB264AE8997 /* MainTabView.swift in Sources */ = {isa = PBXBuildFile; fileRef = 2262FF4DAC175BB21F4D76BB /* MainTabView.swift */; };
		598CA27FCC600281B634AABC /* ProviderConfig.swift in Sources */ = {isa = PBXBuildFile; fileRef = 2D8E7E3857E1D4E4CFF1F1A1 /* ProviderConfig.swift */; };
		5A32E8E7AEE460FC9D5EE8AA /* MonitorViewModel.swift in Sources */ = {isa = PBXBuildFile; fileRef = 2856DE82D16E4064858728D6 /* MonitorViewModel.swift */; };
		63093480B2EA1C3A5692BFC5 /* SharedStoreTests.swift in Sources */ = {isa = PBXBuildFile; fileRef = C49872554EEB076DC8F98053 /* SharedStoreTests.swift */; };
		63468AB26A9D15DDD89DA2A0 /* TokenPlanUsageTests.swift in Sources */ = {isa = PBXBuildFile; fileRef = 9B1E92C9FD1A13849556439A /* TokenPlanUsageTests.swift */; };
		64AAD2CEA8967A818BC0D525 /* ContentView.swift in Sources */ = {isa = PBXBuildFile; fileRef = 3372058EA405BF4BC3C89CF2 /* ContentView.swift */; };
		68DAE360CC5A1B2FCCEB8E6D /* TokenPlanUsageWidget.swift in Sources */ = {isa = PBXBuildFile; fileRef = F637C81F942FD6DDA8A8E225 /* TokenPlanUsageWidget.swift */; };
		727EF775479F3909759E2AFA /* StatusBarView.swift in Sources */ = {isa = PBXBuildFile; fileRef = 4BEBC3E7433EB7F4CF8F5314 /* StatusBarView.swift */; };
		74EB139DE06647BDF358401A /* UsageDistribution.swift in Sources */ = {isa = PBXBuildFile; fileRef = 648E8CF65087F37C78E7F49B /* UsageDistribution.swift */; };
		7CC20C7526668AB8845FD9DC /* UsageSnapshotTests.swift in Sources */ = {isa = PBXBuildFile; fileRef = 8C87C0D151D4E5A71038E71A /* UsageSnapshotTests.swift */; };
		7E8A55396C7DA24676CC46EE /* APIStatus.swift in Sources */ = {isa = PBXBuildFile; fileRef = D58CFECCA7B4B083F01D2DA4 /* APIStatus.swift */; };
		7E8DD4CFA9A48748D8D52827 /* RefreshManager.swift in Sources */ = {isa = PBXBuildFile; fileRef = C27322AE0C758F10E8C2A168 /* RefreshManager.swift */; };
		8333B8CD6B5B8302CD80F6A8 /* SettingsView.swift in Sources */ = {isa = PBXBuildFile; fileRef = A49D595AFA4A027D5B0EBB07 /* SettingsView.swift */; };
		87616385E669B30B49B3A44C /* Assets.xcassets in Resources */ = {isa = PBXBuildFile; fileRef = 882016BD405BD6642F62B928 /* Assets.xcassets */; };
		89A4B427EF80EF96A589FC9A /* TokenPlanUsageApp.swift in Sources */ = {isa = PBXBuildFile; fileRef = F04D5819BB78872DD4C2649E /* TokenPlanUsageApp.swift */; };
		8BC9FAB15D8DFF779BB8865F /* ProviderConfigView.swift in Sources */ = {isa = PBXBuildFile; fileRef = D1092D257E40A8BCDC3D5ADF /* ProviderConfigView.swift */; };
		8F452821CD75B27B8BE47107 /* SwiftUI.framework in Frameworks */ = {isa = PBXBuildFile; fileRef = A20287B47B6D7FF7203A903E /* SwiftUI.framework */; };
		9130CFD6E9C989791BFA3E98 /* UsageTrendChart.swift in Sources */ = {isa = PBXBuildFile; fileRef = 8110157B74E5CC8B44374347 /* UsageTrendChart.swift */; };
		92FBCDBEBAA3FC84DEADE64A /* MockTokenProviderTests.swift in Sources */ = {isa = PBXBuildFile; fileRef = 5C939396B63BC8250C5FF97D /* MockTokenProviderTests.swift */; };
		956F10A8BD9315691FEB155D /* ProviderConfig.swift in Sources */ = {isa = PBXBuildFile; fileRef = 2D8E7E3857E1D4E4CFF1F1A1 /* ProviderConfig.swift */; };
		B1A1CCD59D9E58D12E2DFA30 /* KeychainService.swift in Sources */ = {isa = PBXBuildFile; fileRef = 874DC9C83DFA8A3BAE409B56 /* KeychainService.swift */; };
		BB60A462D20B67F16051DE8B /* MiniMaxProvider.swift in Sources */ = {isa = PBXBuildFile; fileRef = 3ECD5C7DCA39DE39891D3D97 /* MiniMaxProvider.swift */; };
		BD1B0A83D4D5A49EBEC9836E /* GLMProvider.swift in Sources */ = {isa = PBXBuildFile; fileRef = 3F0C4F50F1D053067224EC39 /* GLMProvider.swift */; };
		BD63D66075C5A69B4CDF9F50 /* MonitorView.swift in Sources */ = {isa = PBXBuildFile; fileRef = 6A023529455FE042541F4B38 /* MonitorView.swift */; };
		BDEC78D05805E9A8DA6C2CE1 /* RingProgressViewTests.swift in Sources */ = {isa = PBXBuildFile; fileRef = 905BF6D3F58E20AA8DCEB7C6 /* RingProgressViewTests.swift */; };
		C09199DBDDE13D7C773B22A1 /* GLMProviderTests.swift in Sources */ = {isa = PBXBuildFile; fileRef = 17FB4662F3F1A75C20EE5DC5 /* GLMProviderTests.swift */; };
		C193E5B85DB73B6A34467ED8 /* RingProgressView.swift in Sources */ = {isa = PBXBuildFile; fileRef = 2A15F503173370A66249088B /* RingProgressView.swift */; };
		C46EABF54DBFCD338A87B7AE /* MCPQuotaView.swift in Sources */ = {isa = PBXBuildFile; fileRef = 7BAFB654059AB8D32E5DA463 /* MCPQuotaView.swift */; };
		D7702432FC9DEF2F71FF8521 /* SettingsViewModelTests.swift in Sources */ = {isa = PBXBuildFile; fileRef = 122DE4AACB55470317939C26 /* SettingsViewModelTests.swift */; };
		DAD4C6195CD1B8C4D741376C /* MonitorViewModelTests.swift in Sources */ = {isa = PBXBuildFile; fileRef = 87EFFB2AD875977B37065093 /* MonitorViewModelTests.swift */; };
		EEA57DF3E997376FFF076F0D /* MiniMaxProviderTests.swift in Sources */ = {isa = PBXBuildFile; fileRef = A109EEBA2ED131D32BB6BB04 /* MiniMaxProviderTests.swift */; };
		F465861D60751A259C5E8CF1 /* UsageDetailView.swift in Sources */ = {isa = PBXBuildFile; fileRef = D29605819F561127FBA8538E /* UsageDetailView.swift */; };
		FB9B7AB15C998A42726F331A /* KeychainServiceTests.swift in Sources */ = {isa = PBXBuildFile; fileRef = CE52CCEC37AC0D02BD06B65E /* KeychainServiceTests.swift */; };
		FDCE06B69401E67FD64E83FA /* MiniMaxModelsView.swift in Sources */ = {isa = PBXBuildFile; fileRef = BEBA39235E06D3086019C1D3 /* MiniMaxModelsView.swift */; };
		FE0C0891CE8E8136E0196AE7 /* SettingsViewModel.swift in Sources */ = {isa = PBXBuildFile; fileRef = 49EC521B20E0E190FF2645A0 /* SettingsViewModel.swift */; };
/* End PBXBuildFile section */

/* Begin PBXContainerItemProxy section */
		DDE0D044ED4CBD79A4CA8393 /* PBXContainerItemProxy */ = {
			isa = PBXContainerItemProxy;
			containerPortal = BE86602E2029B2F85B844326 /* Project object */;
			proxyType = 1;
			remoteGlobalIDString = D26060D0B85A84F26C8E773B;
			remoteInfo = TokenPlanUsage;
		};
/* End PBXContainerItemProxy section */

/* Begin PBXFileReference section */
		122DE4AACB55470317939C26 /* SettingsViewModelTests.swift */ = {isa = PBXFileReference; lastKnownFileType = sourcecode.swift; path = SettingsViewModelTests.swift; sourceTree = "<group>"; };
		16DB17BE0245753E27416C4C /* TokenPlanUsageWidget.entitlements */ = {isa = PBXFileReference; lastKnownFileType = text.plist.entitlements; path = TokenPlanUsageWidget.entitlements; sourceTree = "<group>"; };
		17FB4662F3F1A75C20EE5DC5 /* GLMProviderTests.swift */ = {isa = PBXFileReference; lastKnownFileType = sourcecode.swift; path = GLMProviderTests.swift; sourceTree = "<group>"; };
		2262FF4DAC175BB21F4D76BB /* MainTabView.swift */ = {isa = PBXFileReference; lastKnownFileType = sourcecode.swift; path = MainTabView.swift; sourceTree = "<group>"; };
		23192A5F3BA94C6CB58EE9AE /* WidgetKit.framework */ = {isa = PBXFileReference; lastKnownFileType = wrapper.framework; name = WidgetKit.framework; path = System/Library/Frameworks/WidgetKit.framework; sourceTree = SDKROOT; };
		2856DE82D16E4064858728D6 /* MonitorViewModel.swift */ = {isa = PBXFileReference; lastKnownFileType = sourcecode.swift; path = MonitorViewModel.swift; sourceTree = "<group>"; };
		2A15F503173370A66249088B /* RingProgressView.swift */ = {isa = PBXFileReference; lastKnownFileType = sourcecode.swift; path = RingProgressView.swift; sourceTree = "<group>"; };
		2D8E7E3857E1D4E4CFF1F1A1 /* ProviderConfig.swift */ = {isa = PBXFileReference; lastKnownFileType = sourcecode.swift; path = ProviderConfig.swift; sourceTree = "<group>"; };
		3372058EA405BF4BC3C89CF2 /* ContentView.swift */ = {isa = PBXFileReference; lastKnownFileType = sourcecode.swift; path = ContentView.swift; sourceTree = "<group>"; };
		3887ABC4F8B813CE1D2093BC /* TokenPlanUsageWidgetEntryView.swift */ = {isa = PBXFileReference; lastKnownFileType = sourcecode.swift; path = TokenPlanUsageWidgetEntryView.swift; sourceTree = "<group>"; };
		3A97DF33F4CDF74514F3B567 /* TokenPlanUsage.app */ = {isa = PBXFileReference; explicitFileType = wrapper.application; includeInIndex = 0; path = TokenPlanUsage.app; sourceTree = BUILT_PRODUCTS_DIR; };
		3ECD5C7DCA39DE39891D3D97 /* MiniMaxProvider.swift */ = {isa = PBXFileReference; lastKnownFileType = sourcecode.swift; path = MiniMaxProvider.swift; sourceTree = "<group>"; };
		3F0C4F50F1D053067224EC39 /* GLMProvider.swift */ = {isa = PBXFileReference; lastKnownFileType = sourcecode.swift; path = GLMProvider.swift; sourceTree = "<group>"; };
		445706C15D83B21975536D32 /* TokenPlanUsageWidget.appex */ = {isa = PBXFileReference; includeInIndex = 0; lastKnownFileType = "wrapper.app-extension"; path = TokenPlanUsageWidget.appex; sourceTree = BUILT_PRODUCTS_DIR; };
		49EC521B20E0E190FF2645A0 /* SettingsViewModel.swift */ = {isa = PBXFileReference; lastKnownFileType = sourcecode.swift; path = SettingsViewModel.swift; sourceTree = "<group>"; };
		4BEBC3E7433EB7F4CF8F5314 /* StatusBarView.swift */ = {isa = PBXFileReference; lastKnownFileType = sourcecode.swift; path = StatusBarView.swift; sourceTree = "<group>"; };
		5C939396B63BC8250C5FF97D /* MockTokenProviderTests.swift */ = {isa = PBXFileReference; lastKnownFileType = sourcecode.swift; path = MockTokenProviderTests.swift; sourceTree = "<group>"; };
		648E8CF65087F37C78E7F49B /* UsageDistribution.swift */ = {isa = PBXFileReference; lastKnownFileType = sourcecode.swift; path = UsageDistribution.swift; sourceTree = "<group>"; };
		6A023529455FE042541F4B38 /* MonitorView.swift */ = {isa = PBXFileReference; lastKnownFileType = sourcecode.swift; path = MonitorView.swift; sourceTree = "<group>"; };
		754A5E409DAC12F47247B5A1 /* SharedStore.swift */ = {isa = PBXFileReference; lastKnownFileType = sourcecode.swift; path = SharedStore.swift; sourceTree = "<group>"; };
		7BAFB654059AB8D32E5DA463 /* MCPQuotaView.swift */ = {isa = PBXFileReference; lastKnownFileType = sourcecode.swift; path = MCPQuotaView.swift; sourceTree = "<group>"; };
		8110157B74E5CC8B44374347 /* UsageTrendChart.swift */ = {isa = PBXFileReference; lastKnownFileType = sourcecode.swift; path = UsageTrendChart.swift; sourceTree = "<group>"; };
		874DC9C83DFA8A3BAE409B56 /* KeychainService.swift */ = {isa = PBXFileReference; lastKnownFileType = sourcecode.swift; path = KeychainService.swift; sourceTree = "<group>"; };
		87EFFB2AD875977B37065093 /* MonitorViewModelTests.swift */ = {isa = PBXFileReference; lastKnownFileType = sourcecode.swift; path = MonitorViewModelTests.swift; sourceTree = "<group>"; };
		882016BD405BD6642F62B928 /* Assets.xcassets */ = {isa = PBXFileReference; lastKnownFileType = folder.assetcatalog; path = Assets.xcassets; sourceTree = "<group>"; };
		8C87C0D151D4E5A71038E71A /* UsageSnapshotTests.swift */ = {isa = PBXFileReference; lastKnownFileType = sourcecode.swift; path = UsageSnapshotTests.swift; sourceTree = "<group>"; };
		905BF6D3F58E20AA8DCEB7C6 /* RingProgressViewTests.swift */ = {isa = PBXFileReference; lastKnownFileType = sourcecode.swift; path = RingProgressViewTests.swift; sourceTree = "<group>"; };
		9B1E92C9FD1A13849556439A /* TokenPlanUsageTests.swift */ = {isa = PBXFileReference; lastKnownFileType = sourcecode.swift; path = TokenPlanUsageTests.swift; sourceTree = "<group>"; };
		A109EEBA2ED131D32BB6BB04 /* MiniMaxProviderTests.swift */ = {isa = PBXFileReference; lastKnownFileType = sourcecode.swift; path = MiniMaxProviderTests.swift; sourceTree = "<group>"; };
		A20287B47B6D7FF7203A903E /* SwiftUI.framework */ = {isa = PBXFileReference; lastKnownFileType = wrapper.framework; name = SwiftUI.framework; path = System/Library/Frameworks/SwiftUI.framework; sourceTree = SDKROOT; };
		A49D595AFA4A027D5B0EBB07 /* SettingsView.swift */ = {isa = PBXFileReference; lastKnownFileType = sourcecode.swift; path = SettingsView.swift; sourceTree = "<group>"; };
		B08CE64554A1CD9C6BB632C1 /* UsageSnapshot.swift */ = {isa = PBXFileReference; lastKnownFileType = sourcecode.swift; path = UsageSnapshot.swift; sourceTree = "<group>"; };
		BEBA39235E06D3086019C1D3 /* MiniMaxModelsView.swift */ = {isa = PBXFileReference; lastKnownFileType = sourcecode.swift; path = MiniMaxModelsView.swift; sourceTree = "<group>"; };
		C27322AE0C758F10E8C2A168 /* RefreshManager.swift */ = {isa = PBXFileReference; lastKnownFileType = sourcecode.swift; path = RefreshManager.swift; sourceTree = "<group>"; };
		C49872554EEB076DC8F98053 /* SharedStoreTests.swift */ = {isa = PBXFileReference; lastKnownFileType = sourcecode.swift; path = SharedStoreTests.swift; sourceTree = "<group>"; };
		CE52CCEC37AC0D02BD06B65E /* KeychainServiceTests.swift */ = {isa = PBXFileReference; lastKnownFileType = sourcecode.swift; path = KeychainServiceTests.swift; sourceTree = "<group>"; };
		D1092D257E40A8BCDC3D5ADF /* ProviderConfigView.swift */ = {isa = PBXFileReference; lastKnownFileType = sourcecode.swift; path = ProviderConfigView.swift; sourceTree = "<group>"; };
		D29605819F561127FBA8538E /* UsageDetailView.swift */ = {isa = PBXFileReference; lastKnownFileType = sourcecode.swift; path = UsageDetailView.swift; sourceTree = "<group>"; };
		D58CFECCA7B4B083F01D2DA4 /* APIStatus.swift */ = {isa = PBXFileReference; lastKnownFileType = sourcecode.swift; path = APIStatus.swift; sourceTree = "<group>"; };
		D8B62084D5ED07BEA37FAB4C /* TokenPlanUsageTests.xctest */ = {isa = PBXFileReference; includeInIndex = 0; lastKnownFileType = wrapper.cfbundle; path = TokenPlanUsageTests.xctest; sourceTree = BUILT_PRODUCTS_DIR; };
		DB05137FA96DC41F6E9696B2 /* TokenProvider.swift */ = {isa = PBXFileReference; lastKnownFileType = sourcecode.swift; path = TokenProvider.swift; sourceTree = "<group>"; };
		E1E84DA6EAE3E78ECE3C83BB /* TokenPlanUsage.entitlements */ = {isa = PBXFileReference; lastKnownFileType = text.plist.entitlements; path = TokenPlanUsage.entitlements; sourceTree = "<group>"; };
		F04D5819BB78872DD4C2649E /* TokenPlanUsageApp.swift */ = {isa = PBXFileReference; lastKnownFileType = sourcecode.swift; path = TokenPlanUsageApp.swift; sourceTree = "<group>"; };
		F637C81F942FD6DDA8A8E225 /* TokenPlanUsageWidget.swift */ = {isa = PBXFileReference; lastKnownFileType = sourcecode.swift; path = TokenPlanUsageWidget.swift; sourceTree = "<group>"; };
/* End PBXFileReference section */

/* Begin PBXFrameworksBuildPhase section */
		2EF27642FD9E9CE3976383AE /* Frameworks */ = {
			isa = PBXFrameworksBuildPhase;
			buildActionMask = 2147483647;
			files = (
				0D06155FD05C529AAE807916 /* WidgetKit.framework in Frameworks */,
				8F452821CD75B27B8BE47107 /* SwiftUI.framework in Frameworks */,
			);
			runOnlyForDeploymentPostprocessing = 0;
		};
/* End PBXFrameworksBuildPhase section */

/* Begin PBXGroup section */
		0F56A6329BE1223AB28F3E29 /* App */ = {
			isa = PBXGroup;
			children = (
				3372058EA405BF4BC3C89CF2 /* ContentView.swift */,
				F04D5819BB78872DD4C2649E /* TokenPlanUsageApp.swift */,
			);
			path = App;
			sourceTree = "<group>";
		};
		25BD3D670FC7461A9F200198 /* Providers */ = {
			isa = PBXGroup;
			children = (
				3F0C4F50F1D053067224EC39 /* GLMProvider.swift */,
				3ECD5C7DCA39DE39891D3D97 /* MiniMaxProvider.swift */,
			);
			path = Providers;
			sourceTree = "<group>";
		};
		3653595A07E5C3C2B506951F /* Views */ = {
			isa = PBXGroup;
			children = (
				905BF6D3F58E20AA8DCEB7C6 /* RingProgressViewTests.swift */,
			);
			path = Views;
			sourceTree = "<group>";
		};
		386077059752BBC116298F3D /* Services */ = {
			isa = PBXGroup;
			children = (
				17FB4662F3F1A75C20EE5DC5 /* GLMProviderTests.swift */,
				CE52CCEC37AC0D02BD06B65E /* KeychainServiceTests.swift */,
				A109EEBA2ED131D32BB6BB04 /* MiniMaxProviderTests.swift */,
				5C939396B63BC8250C5FF97D /* MockTokenProviderTests.swift */,
				C49872554EEB076DC8F98053 /* SharedStoreTests.swift */,
			);
			path = Services;
			sourceTree = "<group>";
		};
		3B20B69D2D9E3BBE53C78403 /* TokenPlanUsage */ = {
			isa = PBXGroup;
			children = (
				882016BD405BD6642F62B928 /* Assets.xcassets */,
				E1E84DA6EAE3E78ECE3C83BB /* TokenPlanUsage.entitlements */,
				0F56A6329BE1223AB28F3E29 /* App */,
				A2D2BE332EEAEE93313C98C4 /* Models */,
				72FB22E69F32569E46CE4593 /* Services */,
				8F4A66555AE530002D7C3172 /* ViewModels */,
				D41DE22267DA2B82D25C5282 /* Views */,
			);
			path = TokenPlanUsage;
			sourceTree = "<group>";
		};
		3D6C03BA0BD56552DBB7D203 /* Frameworks */ = {
			isa = PBXGroup;
			children = (
				A20287B47B6D7FF7203A903E /* SwiftUI.framework */,
				23192A5F3BA94C6CB58EE9AE /* WidgetKit.framework */,
			);
			name = Frameworks;
			sourceTree = "<group>";
		};
		6D645D2B3372387508F1DE42 /* Common */ = {
			isa = PBXGroup;
			children = (
			);
			path = Common;
			sourceTree = "<group>";
		};
		72FB22E69F32569E46CE4593 /* Services */ = {
			isa = PBXGroup;
			children = (
				874DC9C83DFA8A3BAE409B56 /* KeychainService.swift */,
				C27322AE0C758F10E8C2A168 /* RefreshManager.swift */,
				754A5E409DAC12F47247B5A1 /* SharedStore.swift */,
				DB05137FA96DC41F6E9696B2 /* TokenProvider.swift */,
				25BD3D670FC7461A9F200198 /* Providers */,
			);
			path = Services;
			sourceTree = "<group>";
		};
		7C04F7488A7FE70019DDE15E /* ViewModels */ = {
			isa = PBXGroup;
			children = (
				87EFFB2AD875977B37065093 /* MonitorViewModelTests.swift */,
				122DE4AACB55470317939C26 /* SettingsViewModelTests.swift */,
			);
			path = ViewModels;
			sourceTree = "<group>";
		};
		8F4A66555AE530002D7C3172 /* ViewModels */ = {
			isa = PBXGroup;
			children = (
				2856DE82D16E4064858728D6 /* MonitorViewModel.swift */,
				49EC521B20E0E190FF2645A0 /* SettingsViewModel.swift */,
			);
			path = ViewModels;
			sourceTree = "<group>";
		};
		A2D2BE332EEAEE93313C98C4 /* Models */ = {
			isa = PBXGroup;
			children = (
				D58CFECCA7B4B083F01D2DA4 /* APIStatus.swift */,
				2D8E7E3857E1D4E4CFF1F1A1 /* ProviderConfig.swift */,
				648E8CF65087F37C78E7F49B /* UsageDistribution.swift */,
				B08CE64554A1CD9C6BB632C1 /* UsageSnapshot.swift */,
			);
			path = Models;
			sourceTree = "<group>";
		};
		BDA4B5AA097330B53504FAC8 /* TokenPlanUsageTests */ = {
			isa = PBXGroup;
			children = (
				9B1E92C9FD1A13849556439A /* TokenPlanUsageTests.swift */,
				EDF71F3FB2E20B84D058DD5F /* Models */,
				386077059752BBC116298F3D /* Services */,
				7C04F7488A7FE70019DDE15E /* ViewModels */,
				3653595A07E5C3C2B506951F /* Views */,
			);
			path = TokenPlanUsageTests;
			sourceTree = "<group>";
		};
		C273862EFA9335A7FBAAF572 /* Products */ = {
			isa = PBXGroup;
			children = (
				3A97DF33F4CDF74514F3B567 /* TokenPlanUsage.app */,
				D8B62084D5ED07BEA37FAB4C /* TokenPlanUsageTests.xctest */,
				445706C15D83B21975536D32 /* TokenPlanUsageWidget.appex */,
			);
			name = Products;
			sourceTree = "<group>";
		};
		C58713969E73F8E90104751F = {
			isa = PBXGroup;
			children = (
				3B20B69D2D9E3BBE53C78403 /* TokenPlanUsage */,
				BDA4B5AA097330B53504FAC8 /* TokenPlanUsageTests */,
				D99FEDCE66B7B0578922D0BC /* TokenPlanUsageWidget */,
				3D6C03BA0BD56552DBB7D203 /* Frameworks */,
				C273862EFA9335A7FBAAF572 /* Products */,
			);
			sourceTree = "<group>";
		};
		C743602D4CA044E1E6B7F0F2 /* Settings */ = {
			isa = PBXGroup;
			children = (
				D1092D257E40A8BCDC3D5ADF /* ProviderConfigView.swift */,
				A49D595AFA4A027D5B0EBB07 /* SettingsView.swift */,
			);
			path = Settings;
			sourceTree = "<group>";
		};
		D41DE22267DA2B82D25C5282 /* Views */ = {
			isa = PBXGroup;
			children = (
				2262FF4DAC175BB21F4D76BB /* MainTabView.swift */,
				6D645D2B3372387508F1DE42 /* Common */,
				E97B337218AFCE30E3CE93EF /* Monitor */,
				C743602D4CA044E1E6B7F0F2 /* Settings */,
			);
			path = Views;
			sourceTree = "<group>";
		};
		D99FEDCE66B7B0578922D0BC /* TokenPlanUsageWidget */ = {
			isa = PBXGroup;
			children = (
				16DB17BE0245753E27416C4C /* TokenPlanUsageWidget.entitlements */,
				F637C81F942FD6DDA8A8E225 /* TokenPlanUsageWidget.swift */,
				3887ABC4F8B813CE1D2093BC /* TokenPlanUsageWidgetEntryView.swift */,
			);
			path = TokenPlanUsageWidget;
			sourceTree = "<group>";
		};
		E97B337218AFCE30E3CE93EF /* Monitor */ = {
			isa = PBXGroup;
			children = (
				7BAFB654059AB8D32E5DA463 /* MCPQuotaView.swift */,
				BEBA39235E06D3086019C1D3 /* MiniMaxModelsView.swift */,
				6A023529455FE042541F4B38 /* MonitorView.swift */,
				2A15F503173370A66249088B /* RingProgressView.swift */,
				4BEBC3E7433EB7F4CF8F5314 /* StatusBarView.swift */,
				D29605819F561127FBA8538E /* UsageDetailView.swift */,
				8110157B74E5CC8B44374347 /* UsageTrendChart.swift */,
			);
			path = Monitor;
			sourceTree = "<group>";
		};
		EDF71F3FB2E20B84D058DD5F /* Models */ = {
			isa = PBXGroup;
			children = (
				8C87C0D151D4E5A71038E71A /* UsageSnapshotTests.swift */,
			);
			path = Models;
			sourceTree = "<group>";
		};
/* End PBXGroup section */

/* Begin PBXNativeTarget section */
		8F8C55C1B1E00C1CF99F17D8 /* TokenPlanUsageTests */ = {
			isa = PBXNativeTarget;
			buildConfigurationList = C7226A01BB24172BF571E03B /* Build configuration list for PBXNativeTarget "TokenPlanUsageTests" */;
			buildPhases = (
				3F12EA056B84E4E4AD2A5C06 /* Sources */,
			);
			buildRules = (
			);
			dependencies = (
				907FAA6CEEB83EC847B25E97 /* PBXTargetDependency */,
			);
			name = TokenPlanUsageTests;
			packageProductDependencies = (
			);
			productName = TokenPlanUsageTests;
			productReference = D8B62084D5ED07BEA37FAB4C /* TokenPlanUsageTests.xctest */;
			productType = "com.apple.product-type.bundle.unit-test";
		};
		D26060D0B85A84F26C8E773B /* TokenPlanUsage */ = {
			isa = PBXNativeTarget;
			buildConfigurationList = FD488A304A3EAA3E4755CDC4 /* Build configuration list for PBXNativeTarget "TokenPlanUsage" */;
			buildPhases = (
				99B389BFF93B6D9502214CD5 /* Sources */,
				99CFD749AE818C5D91C4FA3B /* Resources */,
			);
			buildRules = (
			);
			dependencies = (
			);
			name = TokenPlanUsage;
			packageProductDependencies = (
			);
			productName = TokenPlanUsage;
			productReference = 3A97DF33F4CDF74514F3B567 /* TokenPlanUsage.app */;
			productType = "com.apple.product-type.application";
		};
		E2DC38F74E6FEF2BBCDE3DD8 /* TokenPlanUsageWidget */ = {
			isa = PBXNativeTarget;
			buildConfigurationList = E0E3BEDA92C9848B5F71FE88 /* Build configuration list for PBXNativeTarget "TokenPlanUsageWidget" */;
			buildPhases = (
				0289C1130166FB8EE316BCF3 /* Sources */,
				2EF27642FD9E9CE3976383AE /* Frameworks */,
			);
			buildRules = (
			);
			dependencies = (
			);
			name = TokenPlanUsageWidget;
			packageProductDependencies = (
			);
			productName = TokenPlanUsageWidget;
			productReference = 445706C15D83B21975536D32 /* TokenPlanUsageWidget.appex */;
			productType = "com.apple.product-type.app-extension";
		};
/* End PBXNativeTarget section */

/* Begin PBXProject section */
		BE86602E2029B2F85B844326 /* Project object */ = {
			isa = PBXProject;
			attributes = {
				BuildIndependentTargetsInParallel = YES;
				LastUpgradeCheck = "^16";
				TargetAttributes = {
					8F8C55C1B1E00C1CF99F17D8 = {
						DevelopmentTeam = "";
					};
					E2DC38F74E6FEF2BBCDE3DD8 = {
						DevelopmentTeam = "";
					};
				};
			};
			buildConfigurationList = E88327032F2441FBA64A6614 /* Build configuration list for PBXProject "TokenPlanUsage" */;
			developmentRegion = en;
			hasScannedForEncodings = 0;
			knownRegions = (
				Base,
				en,
			);
			mainGroup = C58713969E73F8E90104751F;
			minimizedProjectReferenceProxies = 1;
			preferredProjectObjectVersion = 77;
			productRefGroup = C273862EFA9335A7FBAAF572 /* Products */;
			projectDirPath = "";
			projectRoot = "";
			targets = (
				D26060D0B85A84F26C8E773B /* TokenPlanUsage */,
				8F8C55C1B1E00C1CF99F17D8 /* TokenPlanUsageTests */,
				E2DC38F74E6FEF2BBCDE3DD8 /* TokenPlanUsageWidget */,
			);
		};
/* End PBXProject section */

/* Begin PBXResourcesBuildPhase section */
		99CFD749AE818C5D91C4FA3B /* Resources */ = {
			isa = PBXResourcesBuildPhase;
			buildActionMask = 2147483647;
			files = (
				87616385E669B30B49B3A44C /* Assets.xcassets in Resources */,
			);
			runOnlyForDeploymentPostprocessing = 0;
		};
/* End PBXResourcesBuildPhase section */

/* Begin PBXSourcesBuildPhase section */
		0289C1130166FB8EE316BCF3 /* Sources */ = {
			isa = PBXSourcesBuildPhase;
			buildActionMask = 2147483647;
			files = (
				7E8A55396C7DA24676CC46EE /* APIStatus.swift in Sources */,
				956F10A8BD9315691FEB155D /* ProviderConfig.swift in Sources */,
				2E285A6EF1ED732029669D1F /* SharedStore.swift in Sources */,
				68DAE360CC5A1B2FCCEB8E6D /* TokenPlanUsageWidget.swift in Sources */,
				329F76B122B5497AD8D35CF4 /* TokenPlanUsageWidgetEntryView.swift in Sources */,
				74EB139DE06647BDF358401A /* UsageDistribution.swift in Sources */,
				033659396E33B8C8D0E3036C /* UsageSnapshot.swift in Sources */,
			);
			runOnlyForDeploymentPostprocessing = 0;
		};
		3F12EA056B84E4E4AD2A5C06 /* Sources */ = {
			isa = PBXSourcesBuildPhase;
			buildActionMask = 2147483647;
			files = (
				C09199DBDDE13D7C773B22A1 /* GLMProviderTests.swift in Sources */,
				FB9B7AB15C998A42726F331A /* KeychainServiceTests.swift in Sources */,
				EEA57DF3E997376FFF076F0D /* MiniMaxProviderTests.swift in Sources */,
				92FBCDBEBAA3FC84DEADE64A /* MockTokenProviderTests.swift in Sources */,
				DAD4C6195CD1B8C4D741376C /* MonitorViewModelTests.swift in Sources */,
				BDEC78D05805E9A8DA6C2CE1 /* RingProgressViewTests.swift in Sources */,
				D7702432FC9DEF2F71FF8521 /* SettingsViewModelTests.swift in Sources */,
				63093480B2EA1C3A5692BFC5 /* SharedStoreTests.swift in Sources */,
				63468AB26A9D15DDD89DA2A0 /* TokenPlanUsageTests.swift in Sources */,
				7CC20C7526668AB8845FD9DC /* UsageSnapshotTests.swift in Sources */,
			);
			runOnlyForDeploymentPostprocessing = 0;
		};
		99B389BFF93B6D9502214CD5 /* Sources */ = {
			isa = PBXSourcesBuildPhase;
			buildActionMask = 2147483647;
			files = (
				2D8ACACF2E9C3AC8FC9DF6A2 /* APIStatus.swift in Sources */,
				64AAD2CEA8967A818BC0D525 /* ContentView.swift in Sources */,
				BD1B0A83D4D5A49EBEC9836E /* GLMProvider.swift in Sources */,
				B1A1CCD59D9E58D12E2DFA30 /* KeychainService.swift in Sources */,
				C46EABF54DBFCD338A87B7AE /* MCPQuotaView.swift in Sources */,
				573EC7D6E33C2BB264AE8997 /* MainTabView.swift in Sources */,
				FDCE06B69401E67FD64E83FA /* MiniMaxModelsView.swift in Sources */,
				BB60A462D20B67F16051DE8B /* MiniMaxProvider.swift in Sources */,
				BD63D66075C5A69B4CDF9F50 /* MonitorView.swift in Sources */,
				5A32E8E7AEE460FC9D5EE8AA /* MonitorViewModel.swift in Sources */,
				598CA27FCC600281B634AABC /* ProviderConfig.swift in Sources */,
				8BC9FAB15D8DFF779BB8865F /* ProviderConfigView.swift in Sources */,
				7E8DD4CFA9A48748D8D52827 /* RefreshManager.swift in Sources */,
				C193E5B85DB73B6A34467ED8 /* RingProgressView.swift in Sources */,
				8333B8CD6B5B8302CD80F6A8 /* SettingsView.swift in Sources */,
				FE0C0891CE8E8136E0196AE7 /* SettingsViewModel.swift in Sources */,
				3861703F806CF95C870126E7 /* SharedStore.swift in Sources */,
				727EF775479F3909759E2AFA /* StatusBarView.swift in Sources */,
				89A4B427EF80EF96A589FC9A /* TokenPlanUsageApp.swift in Sources */,
				1BCDA792F359CF6C84979685 /* TokenProvider.swift in Sources */,
				F465861D60751A259C5E8CF1 /* UsageDetailView.swift in Sources */,
				15305BD20CAA9E25C098BF49 /* UsageDistribution.swift in Sources */,
				406B5FE071FB7FBD3D2C60AC /* UsageSnapshot.swift in Sources */,
				9130CFD6E9C989791BFA3E98 /* UsageTrendChart.swift in Sources */,
			);
			runOnlyForDeploymentPostprocessing = 0;
		};
/* End PBXSourcesBuildPhase section */

/* Begin PBXTargetDependency section */
		907FAA6CEEB83EC847B25E97 /* PBXTargetDependency */ = {
			isa = PBXTargetDependency;
			target = D26060D0B85A84F26C8E773B /* TokenPlanUsage */;
			targetProxy = DDE0D044ED4CBD79A4CA8393 /* PBXContainerItemProxy */;
		};
/* End PBXTargetDependency section */

/* Begin XCBuildConfiguration section */
		19ED614376788FF41FCAE5E5 /* Debug */ = {
			isa = XCBuildConfiguration;
			buildSettings = {
				ASSETCATALOG_COMPILER_APPICON_NAME = AppIcon;
				ASSETCATALOG_COMPILER_GLOBAL_ACCENT_COLOR_NAME = AccentColor;
				CODE_SIGN_ENTITLEMENTS = TokenPlanUsage/TokenPlanUsage.entitlements;
				CODE_SIGN_IDENTITY = "iPhone Developer";
				CURRENT_PROJECT_VERSION = 1;
				DEVELOPMENT_TEAM = W4X228JB32;
				GENERATE_INFOPLIST_FILE = YES;
				INFOPLIST_KEY_CFBundleDisplayName = "Token Plan Usage";
				INFOPLIST_KEY_UIApplicationSceneManifest_Generation = YES;
				INFOPLIST_KEY_UIApplicationSupportsIndirectInputEvents = YES;
				INFOPLIST_KEY_UILaunchScreen_Generation = YES;
				INFOPLIST_KEY_UISupportedInterfaceOrientations_iPhone = UIInterfaceOrientationPortrait;
				LD_RUNPATH_SEARCH_PATHS = (
					"$(inherited)",
					"@executable_path/Frameworks",
				);
				MARKETING_VERSION = 1.0.0;
				PRODUCT_BUNDLE_IDENTIFIER = com.tokenplan.TokenPlanUsage;
				SDKROOT = iphoneos;
				TARGETED_DEVICE_FAMILY = "1,2";
			};
			name = Debug;
		};
		517E3594614DD421D4132F0E /* Debug */ = {
			isa = XCBuildConfiguration;
			buildSettings = {
				ASSETCATALOG_COMPILER_GLOBAL_ACCENT_COLOR_NAME = AccentColor;
				CODE_SIGN_ENTITLEMENTS = TokenPlanUsageWidget/TokenPlanUsageWidget.entitlements;
				CURRENT_PROJECT_VERSION = 1;
				GENERATE_INFOPLIST_FILE = YES;
				INFOPLIST_KEY_CFBundleDisplayName = "Token Usage Widget";
				INFOPLIST_KEY_NSExtension = "[\"NSExtensionPointIdentifier\": \"com.apple.widgetkit-extension\"]";
				LD_RUNPATH_SEARCH_PATHS = (
					"$(inherited)",
					"@executable_path/Frameworks",
					"@executable_path/../../Frameworks",
				);
				MARKETING_VERSION = 1.0.0;
				PRODUCT_BUNDLE_IDENTIFIER = com.tokenplan.TokenPlanUsageWidget;
				SDKROOT = iphoneos;
				TARGETED_DEVICE_FAMILY = "1,2";
			};
			name = Debug;
		};
		6D9C4B0ED435F0C5AA4DF09C /* Release */ = {
			isa = XCBuildConfiguration;
			buildSettings = {
				ASSETCATALOG_COMPILER_GLOBAL_ACCENT_COLOR_NAME = AccentColor;
				CODE_SIGN_ENTITLEMENTS = TokenPlanUsageWidget/TokenPlanUsageWidget.entitlements;
				CURRENT_PROJECT_VERSION = 1;
				GENERATE_INFOPLIST_FILE = YES;
				INFOPLIST_KEY_CFBundleDisplayName = "Token Usage Widget";
				INFOPLIST_KEY_NSExtension = "[\"NSExtensionPointIdentifier\": \"com.apple.widgetkit-extension\"]";
				LD_RUNPATH_SEARCH_PATHS = (
					"$(inherited)",
					"@executable_path/Frameworks",
					"@executable_path/../../Frameworks",
				);
				MARKETING_VERSION = 1.0.0;
				PRODUCT_BUNDLE_IDENTIFIER = com.tokenplan.TokenPlanUsageWidget;
				SDKROOT = iphoneos;
				TARGETED_DEVICE_FAMILY = "1,2";
			};
			name = Release;
		};
		788209D207ABA4F34B165930 /* Release */ = {
			isa = XCBuildConfiguration;
			buildSettings = {
				ALWAYS_SEARCH_USER_PATHS = NO;
				CLANG_ANALYZER_NONNULL = YES;
				CLANG_ANALYZER_NUMBER_OBJECT_CONVERSION = YES_AGGRESSIVE;
				CLANG_CXX_LANGUAGE_STANDARD = "gnu++14";
				CLANG_CXX_LIBRARY = "libc++";
				CLANG_ENABLE_MODULES = YES;
				CLANG_ENABLE_OBJC_ARC = YES;
				CLANG_ENABLE_OBJC_WEAK = YES;
				CLANG_WARN_BLOCK_CAPTURE_AUTORELEASING = YES;
				CLANG_WARN_BOOL_CONVERSION = YES;
				CLANG_WARN_COMMA = YES;
				CLANG_WARN_CONSTANT_CONVERSION = YES;
				CLANG_WARN_DEPRECATED_OBJC_IMPLEMENTATIONS = YES;
				CLANG_WARN_DIRECT_OBJC_ISA_USAGE = YES_ERROR;
				CLANG_WARN_DOCUMENTATION_COMMENTS = YES;
				CLANG_WARN_EMPTY_BODY = YES;
				CLANG_WARN_ENUM_CONVERSION = YES;
				CLANG_WARN_INFINITE_RECURSION = YES;
				CLANG_WARN_INT_CONVERSION = YES;
				CLANG_WARN_NON_LITERAL_NULL_CONVERSION = YES;
				CLANG_WARN_OBJC_IMPLICIT_RETAIN_SELF = YES;
				CLANG_WARN_OBJC_LITERAL_CONVERSION = YES;
				CLANG_WARN_OBJC_ROOT_CLASS = YES_ERROR;
				CLANG_WARN_QUOTED_INCLUDE_IN_FRAMEWORK_HEADER = YES;
				CLANG_WARN_RANGE_LOOP_ANALYSIS = YES;
				CLANG_WARN_STRICT_PROTOTYPES = YES;
				CLANG_WARN_SUSPICIOUS_MOVE = YES;
				CLANG_WARN_UNGUARDED_AVAILABILITY = YES_AGGRESSIVE;
				CLANG_WARN_UNREACHABLE_CODE = YES;
				CLANG_WARN__DUPLICATE_METHOD_MATCH = YES;
				COPY_PHASE_STRIP = NO;
				DEBUG_INFORMATION_FORMAT = "dwarf-with-dsym";
				DEVELOPMENT_TEAM = "";
				ENABLE_NS_ASSERTIONS = NO;
				ENABLE_STRICT_OBJC_MSGSEND = YES;
				GCC_C_LANGUAGE_STANDARD = gnu11;
				GCC_NO_COMMON_BLOCKS = YES;
				GCC_WARN_64_TO_32_BIT_CONVERSION = YES;
				GCC_WARN_ABOUT_RETURN_TYPE = YES_ERROR;
				GCC_WARN_UNDECLARED_SELECTOR = YES;
				GCC_WARN_UNINITIALIZED_AUTOS = YES_AGGRESSIVE;
				GCC_WARN_UNUSED_FUNCTION = YES;
				GCC_WARN_UNUSED_VARIABLE = YES;
				IPHONEOS_DEPLOYMENT_TARGET = 17.0;
				MTL_ENABLE_DEBUG_INFO = NO;
				MTL_FAST_MATH = YES;
				PRODUCT_NAME = "$(TARGET_NAME)";
				SDKROOT = iphoneos;
				SWIFT_COMPILATION_MODE = wholemodule;
				SWIFT_OPTIMIZATION_LEVEL = "-O";
				SWIFT_VERSION = 5.9;
			};
			name = Release;
		};
		842AC2A6AE8315AB62841A82 /* Release */ = {
			isa = XCBuildConfiguration;
			buildSettings = {
				ASSETCATALOG_COMPILER_APPICON_NAME = AppIcon;
				ASSETCATALOG_COMPILER_GLOBAL_ACCENT_COLOR_NAME = AccentColor;
				CODE_SIGN_ENTITLEMENTS = TokenPlanUsage/TokenPlanUsage.entitlements;
				CODE_SIGN_IDENTITY = "iPhone Developer";
				CURRENT_PROJECT_VERSION = 1;
				DEVELOPMENT_TEAM = W4X228JB32;
				GENERATE_INFOPLIST_FILE = YES;
				INFOPLIST_KEY_CFBundleDisplayName = "Token Plan Usage";
				INFOPLIST_KEY_UIApplicationSceneManifest_Generation = YES;
				INFOPLIST_KEY_UIApplicationSupportsIndirectInputEvents = YES;
				INFOPLIST_KEY_UILaunchScreen_Generation = YES;
				INFOPLIST_KEY_UISupportedInterfaceOrientations_iPhone = UIInterfaceOrientationPortrait;
				LD_RUNPATH_SEARCH_PATHS = (
					"$(inherited)",
					"@executable_path/Frameworks",
				);
				MARKETING_VERSION = 1.0.0;
				PRODUCT_BUNDLE_IDENTIFIER = com.tokenplan.TokenPlanUsage;
				SDKROOT = iphoneos;
				TARGETED_DEVICE_FAMILY = "1,2";
			};
			name = Release;
		};
		93D1B305CC4683887A7E3422 /* Debug */ = {
			isa = XCBuildConfiguration;
			buildSettings = {
				ALWAYS_SEARCH_USER_PATHS = NO;
				CLANG_ANALYZER_NONNULL = YES;
				CLANG_ANALYZER_NUMBER_OBJECT_CONVERSION = YES_AGGRESSIVE;
				CLANG_CXX_LANGUAGE_STANDARD = "gnu++14";
				CLANG_CXX_LIBRARY = "libc++";
				CLANG_ENABLE_MODULES = YES;
				CLANG_ENABLE_OBJC_ARC = YES;
				CLANG_ENABLE_OBJC_WEAK = YES;
				CLANG_WARN_BLOCK_CAPTURE_AUTORELEASING = YES;
				CLANG_WARN_BOOL_CONVERSION = YES;
				CLANG_WARN_COMMA = YES;
				CLANG_WARN_CONSTANT_CONVERSION = YES;
				CLANG_WARN_DEPRECATED_OBJC_IMPLEMENTATIONS = YES;
				CLANG_WARN_DIRECT_OBJC_ISA_USAGE = YES_ERROR;
				CLANG_WARN_DOCUMENTATION_COMMENTS = YES;
				CLANG_WARN_EMPTY_BODY = YES;
				CLANG_WARN_ENUM_CONVERSION = YES;
				CLANG_WARN_INFINITE_RECURSION = YES;
				CLANG_WARN_INT_CONVERSION = YES;
				CLANG_WARN_NON_LITERAL_NULL_CONVERSION = YES;
				CLANG_WARN_OBJC_IMPLICIT_RETAIN_SELF = YES;
				CLANG_WARN_OBJC_LITERAL_CONVERSION = YES;
				CLANG_WARN_OBJC_ROOT_CLASS = YES_ERROR;
				CLANG_WARN_QUOTED_INCLUDE_IN_FRAMEWORK_HEADER = YES;
				CLANG_WARN_RANGE_LOOP_ANALYSIS = YES;
				CLANG_WARN_STRICT_PROTOTYPES = YES;
				CLANG_WARN_SUSPICIOUS_MOVE = YES;
				CLANG_WARN_UNGUARDED_AVAILABILITY = YES_AGGRESSIVE;
				CLANG_WARN_UNREACHABLE_CODE = YES;
				CLANG_WARN__DUPLICATE_METHOD_MATCH = YES;
				COPY_PHASE_STRIP = NO;
				DEBUG_INFORMATION_FORMAT = dwarf;
				DEVELOPMENT_TEAM = "";
				ENABLE_STRICT_OBJC_MSGSEND = YES;
				ENABLE_TESTABILITY = YES;
				GCC_C_LANGUAGE_STANDARD = gnu11;
				GCC_DYNAMIC_NO_PIC = NO;
				GCC_NO_COMMON_BLOCKS = YES;
				GCC_OPTIMIZATION_LEVEL = 0;
				GCC_PREPROCESSOR_DEFINITIONS = (
					"$(inherited)",
					"DEBUG=1",
				);
				GCC_WARN_64_TO_32_BIT_CONVERSION = YES;
				GCC_WARN_ABOUT_RETURN_TYPE = YES_ERROR;
				GCC_WARN_UNDECLARED_SELECTOR = YES;
				GCC_WARN_UNINITIALIZED_AUTOS = YES_AGGRESSIVE;
				GCC_WARN_UNUSED_FUNCTION = YES;
				GCC_WARN_UNUSED_VARIABLE = YES;
				IPHONEOS_DEPLOYMENT_TARGET = 17.0;
				MTL_ENABLE_DEBUG_INFO = INCLUDE_SOURCE;
				MTL_FAST_MATH = YES;
				ONLY_ACTIVE_ARCH = YES;
				PRODUCT_NAME = "$(TARGET_NAME)";
				SDKROOT = iphoneos;
				SWIFT_ACTIVE_COMPILATION_CONDITIONS = DEBUG;
				SWIFT_OPTIMIZATION_LEVEL = "-Onone";
				SWIFT_VERSION = 5.9;
			};
			name = Debug;
		};
		A89E8ED91A18EE83294C660E /* Debug */ = {
			isa = XCBuildConfiguration;
			buildSettings = {
				BUNDLE_LOADER = "$(TEST_HOST)";
				GENERATE_INFOPLIST_FILE = YES;
				LD_RUNPATH_SEARCH_PATHS = (
					"$(inherited)",
					"@executable_path/Frameworks",
					"@loader_path/Frameworks",
				);
				PRODUCT_BUNDLE_IDENTIFIER = com.tokenplan.TokenPlanUsageTests;
				SDKROOT = iphoneos;
				TARGETED_DEVICE_FAMILY = "1,2";
				TEST_HOST = "$(BUILT_PRODUCTS_DIR)/TokenPlanUsage.app/$(BUNDLE_EXECUTABLE_FOLDER_PATH)/TokenPlanUsage";
			};
			name = Debug;
		};
		E6C7AFA5BBA2846A1467C39A /* Release */ = {
			isa = XCBuildConfiguration;
			buildSettings = {
				BUNDLE_LOADER = "$(TEST_HOST)";
				GENERATE_INFOPLIST_FILE = YES;
				LD_RUNPATH_SEARCH_PATHS = (
					"$(inherited)",
					"@executable_path/Frameworks",
					"@loader_path/Frameworks",
				);
				PRODUCT_BUNDLE_IDENTIFIER = com.tokenplan.TokenPlanUsageTests;
				SDKROOT = iphoneos;
				TARGETED_DEVICE_FAMILY = "1,2";
				TEST_HOST = "$(BUILT_PRODUCTS_DIR)/TokenPlanUsage.app/$(BUNDLE_EXECUTABLE_FOLDER_PATH)/TokenPlanUsage";
			};
			name = Release;
		};
/* End XCBuildConfiguration section */

/* Begin XCConfigurationList section */
		C7226A01BB24172BF571E03B /* Build configuration list for PBXNativeTarget "TokenPlanUsageTests" */ = {
			isa = XCConfigurationList;
			buildConfigurations = (
				A89E8ED91A18EE83294C660E /* Debug */,
				E6C7AFA5BBA2846A1467C39A /* Release */,
			);
			defaultConfigurationIsVisible = 0;
			defaultConfigurationName = Debug;
		};
		E0E3BEDA92C9848B5F71FE88 /* Build configuration list for PBXNativeTarget "TokenPlanUsageWidget" */ = {
			isa = XCConfigurationList;
			buildConfigurations = (
				517E3594614DD421D4132F0E /* Debug */,
				6D9C4B0ED435F0C5AA4DF09C /* Release */,
			);
			defaultConfigurationIsVisible = 0;
			defaultConfigurationName = Debug;
		};
		E88327032F2441FBA64A6614 /* Build configuration list for PBXProject "TokenPlanUsage" */ = {
			isa = XCConfigurationList;
			buildConfigurations = (
				93D1B305CC4683887A7E3422 /* Debug */,
				788209D207ABA4F34B165930 /* Release */,
			);
			defaultConfigurationIsVisible = 0;
			defaultConfigurationName = Debug;
		};
		FD488A304A3EAA3E4755CDC4 /* Build configuration list for PBXNativeTarget "TokenPlanUsage" */ = {
			isa = XCConfigurationList;
			buildConfigurations = (
				19ED614376788FF41FCAE5E5 /* Debug */,
				842AC2A6AE8315AB62841A82 /* Release */,
			);
			defaultConfigurationIsVisible = 0;
			defaultConfigurationName = Debug;
		};
/* End XCConfigurationList section */
	};
	rootObject = BE86602E2029B2F85B844326 /* Project object */;
}
